// !$*UTF8*$!
{
	archiveVersion = 1;
	classes = {
	};
	objectVersion = 56;
	objects = {

/* Begin PBXBuildFile section */
		187B27462B75AD7400FDD0C5 /* RealityKitContent in Frameworks */ = {isa = PBXBuildFile; productRef = 187B27452B75AD7400FDD0C5 /* RealityKitContent */; };
		187B27482B75AD7400FDD0C5 /* project1App.swift in Sources */ = {isa = PBXBuildFile; fileRef = 187B27472B75AD7400FDD0C5 /* project1App.swift */; };
		187B274A2B75AD7400FDD0C5 /* ContentView.swift in Sources */ = {isa = PBXBuildFile; fileRef = 187B27492B75AD7400FDD0C5 /* ContentView.swift */; };
		187B274C2B75AD7400FDD0C5 /* ImmersiveView.swift in Sources */ = {isa = PBXBuildFile; fileRef = 187B274B2B75AD7400FDD0C5 /* ImmersiveView.swift */; };
		187B274E2B75AD7400FDD0C5 /* ImageBasedLighting.skybox in Resources */ = {isa = PBXBuildFile; fileRef = 187B274D2B75AD7400FDD0C5 /* ImageBasedLighting.skybox */; };
		187B27502B75AD7500FDD0C5 /* Assets.xcassets in Resources */ = {isa = PBXBuildFile; fileRef = 187B274F2B75AD7500FDD0C5 /* Assets.xcassets */; };
		187B27532B75AD7500FDD0C5 /* Preview Assets.xcassets in Resources */ = {isa = PBXBuildFile; fileRef = 187B27522B75AD7500FDD0C5 /* Preview Assets.xcassets */; };
		AC07106B2B819220006DDC3C /* czt.mp3 in Resources */ = {isa = PBXBuildFile; fileRef = AC07106A2B819220006DDC3C /* czt.mp3 */; };
		AC9D6D9B2B8870000074D161 /* ParticleSystemManager.swift in Sources */ = {isa = PBXBuildFile; fileRef = AC9D6D9A2B8870000074D161 /* ParticleSystemManager.swift */; };
		C62F60D72B783D5400EEF482 /* NetworkManager.swift in Sources */ = {isa = PBXBuildFile; fileRef = C62F60D62B783D5400EEF482 /* NetworkManager.swift */; };
/* End PBXBuildFile section */

/* Begin PBXFileReference section */
		187B27402B75AD7400FDD0C5 /* project1.app */ = {isa = PBXFileReference; explicitFileType = wrapper.application; includeInIndex = 0; path = project1.app; sourceTree = BUILT_PRODUCTS_DIR; };
		187B27442B75AD7400FDD0C5 /* RealityKitContent */ = {isa = PBXFileReference; lastKnownFileType = wrapper; path = RealityKitContent; sourceTree = "<group>"; };
		187B27472B75AD7400FDD0C5 /* project1App.swift */ = {isa = PBXFileReference; lastKnownFileType = sourcecode.swift; path = project1App.swift; sourceTree = "<group>"; };
		187B27492B75AD7400FDD0C5 /* ContentView.swift */ = {isa = PBXFileReference; lastKnownFileType = sourcecode.swift; path = ContentView.swift; sourceTree = "<group>"; };
		187B274B2B75AD7400FDD0C5 /* ImmersiveView.swift */ = {isa = PBXFileReference; lastKnownFileType = sourcecode.swift; path = ImmersiveView.swift; sourceTree = "<group>"; };
		187B274D2B75AD7400FDD0C5 /* ImageBasedLighting.skybox */ = {isa = PBXFileReference; lastKnownFileType = file.skybox; path = ImageBasedLighting.skybox; sourceTree = "<group>"; };
		187B274F2B75AD7500FDD0C5 /* Assets.xcassets */ = {isa = PBXFileReference; lastKnownFileType = folder.assetcatalog; path = Assets.xcassets; sourceTree = "<group>"; };
		187B27522B75AD7500FDD0C5 /* Preview Assets.xcassets */ = {isa = PBXFileReference; lastKnownFileType = folder.assetcatalog; path = "Preview Assets.xcassets"; sourceTree = "<group>"; };
		187B27542B75AD7500FDD0C5 /* Info.plist */ = {isa = PBXFileReference; lastKnownFileType = text.plist.xml; path = Info.plist; sourceTree = "<group>"; };
		AC07106A2B819220006DDC3C /* czt.mp3 */ = {isa = PBXFileReference; lastKnownFileType = audio.mp3; path = czt.mp3; sourceTree = "<group>"; };
		AC9D6D9A2B8870000074D161 /* ParticleSystemManager.swift */ = {isa = PBXFileReference; lastKnownFileType = sourcecode.swift; path = ParticleSystemManager.swift; sourceTree = "<group>"; };
		C62F60D62B783D5400EEF482 /* NetworkManager.swift */ = {isa = PBXFileReference; lastKnownFileType = sourcecode.swift; path = NetworkManager.swift; sourceTree = "<group>"; };
/* End PBXFileReference section */

/* Begin PBXFrameworksBuildPhase section */
		187B273D2B75AD7400FDD0C5 /* Frameworks */ = {
			isa = PBXFrameworksBuildPhase;
			buildActionMask = 2147483647;
			files = (
				187B27462B75AD7400FDD0C5 /* RealityKitContent in Frameworks */,
			);
			runOnlyForDeploymentPostprocessing = 0;
		};
/* End PBXFrameworksBuildPhase section */

/* Begin PBXGroup section */
		187B27372B75AD7400FDD0C5 = {
			isa = PBXGroup;
			children = (
				187B27422B75AD7400FDD0C5 /* project1 */,
				187B27432B75AD7400FDD0C5 /* Packages */,
				187B27412B75AD7400FDD0C5 /* Products */,
			);
			sourceTree = "<group>";
		};
		187B27412B75AD7400FDD0C5 /* Products */ = {
			isa = PBXGroup;
			children = (
				187B27402B75AD7400FDD0C5 /* project1.app */,
			);
			name = Products;
			sourceTree = "<group>";
		};
		187B27422B75AD7400FDD0C5 /* project1 */ = {
			isa = PBXGroup;
			children = (
				187B27472B75AD7400FDD0C5 /* project1App.swift */,
				187B27492B75AD7400FDD0C5 /* ContentView.swift */,
				187B274B2B75AD7400FDD0C5 /* ImmersiveView.swift */,
				C62F60D62B783D5400EEF482 /* NetworkManager.swift */,
				187B274D2B75AD7400FDD0C5 /* ImageBasedLighting.skybox */,
				187B274F2B75AD7500FDD0C5 /* Assets.xcassets */,
				187B27542B75AD7500FDD0C5 /* Info.plist */,
				187B27512B75AD7500FDD0C5 /* Preview Content */,
				AC9D6D9A2B8870000074D161 /* ParticleSystemManager.swift */,
			);
			path = project1;
			sourceTree = "<group>";
		};
		187B27432B75AD7400FDD0C5 /* Packages */ = {
			isa = PBXGroup;
			children = (
				AC07106A2B819220006DDC3C /* czt.mp3 */,
				187B27442B75AD7400FDD0C5 /* RealityKitContent */,
			);
			path = Packages;
			sourceTree = "<group>";
		};
		187B27512B75AD7500FDD0C5 /* Preview Content */ = {
			isa = PBXGroup;
			children = (
				187B27522B75AD7500FDD0C5 /* Preview Assets.xcassets */,
			);
			path = "Preview Content";
			sourceTree = "<group>";
		};
/* End PBXGroup section */

/* Begin PBXNativeTarget section */
		187B273F2B75AD7400FDD0C5 /* project1 */ = {
			isa = PBXNativeTarget;
			buildConfigurationList = 187B27572B75AD7500FDD0C5 /* Build configuration list for PBXNativeTarget "project1" */;
			buildPhases = (
				187B273C2B75AD7400FDD0C5 /* Sources */,
				187B273D2B75AD7400FDD0C5 /* Frameworks */,
				187B273E2B75AD7400FDD0C5 /* Resources */,
			);
			buildRules = (
			);
			dependencies = (
			);
			name = project1;
			packageProductDependencies = (
				187B27452B75AD7400FDD0C5 /* RealityKitContent */,
			);
			productName = project1;
			productReference = 187B27402B75AD7400FDD0C5 /* project1.app */;
			productType = "com.apple.product-type.application";
		};
/* End PBXNativeTarget section */

/* Begin PBXProject section */
		187B27382B75AD7400FDD0C5 /* Project object */ = {
			isa = PBXProject;
			attributes = {
				BuildIndependentTargetsInParallel = 1;
				LastSwiftUpdateCheck = 1520;
				LastUpgradeCheck = 1520;
				TargetAttributes = {
					187B273F2B75AD7400FDD0C5 = {
						CreatedOnToolsVersion = 15.2;
					};
				};
			};
			buildConfigurationList = 187B273B2B75AD7400FDD0C5 /* Build configuration list for PBXProject "project1" */;
			compatibilityVersion = "Xcode 14.0";
			developmentRegion = en;
			hasScannedForEncodings = 0;
			knownRegions = (
				en,
				Base,
			);
			mainGroup = 187B27372B75AD7400FDD0C5;
			productRefGroup = 187B27412B75AD7400FDD0C5 /* Products */;
			projectDirPath = "";
			projectRoot = "";
			targets = (
				187B273F2B75AD7400FDD0C5 /* project1 */,
			);
		};
/* End PBXProject section */

/* Begin PBXResourcesBuildPhase section */
		187B273E2B75AD7400FDD0C5 /* Resources */ = {
			isa = PBXResourcesBuildPhase;
			buildActionMask = 2147483647;
			files = (
				AC07106B2B819220006DDC3C /* czt.mp3 in Resources */,
				187B27502B75AD7500FDD0C5 /* Assets.xcassets in Resources */,
				187B27532B75AD7500FDD0C5 /* Preview Assets.xcassets in Resources */,
				187B274E2B75AD7400FDD0C5 /* ImageBasedLighting.skybox in Resources */,
			);
			runOnlyForDeploymentPostprocessing = 0;
		};
/* End PBXResourcesBuildPhase section */

/* Begin PBXSourcesBuildPhase section */
		187B273C2B75AD7400FDD0C5 /* Sources */ = {
			isa = PBXSourcesBuildPhase;
			buildActionMask = 2147483647;
			files = (
				AC9D6D9B2B8870000074D161 /* ParticleSystemManager.swift in Sources */,
				C62F60D72B783D5400EEF482 /* NetworkManager.swift in Sources */,
				187B274A2B75AD7400FDD0C5 /* ContentView.swift in Sources */,
				187B27482B75AD7400FDD0C5 /* project1App.swift in Sources */,
				187B274C2B75AD7400FDD0C5 /* ImmersiveView.swift in Sources */,
			);
			runOnlyForDeploymentPostprocessing = 0;
		};
/* End PBXSourcesBuildPhase section */

/* Begin XCBuildConfiguration section */
		187B27552B75AD7500FDD0C5 /* Debug */ = {
			isa = XCBuildConfiguration;
			buildSettings = {
				ALWAYS_SEARCH_USER_PATHS = NO;
				ASSETCATALOG_COMPILER_GENERATE_SWIFT_ASSET_SYMBOL_EXTENSIONS = YES;
				CLANG_ANALYZER_NONNULL = YES;
				CLANG_ANALYZER_NUMBER_OBJECT_CONVERSION = YES_AGGRESSIVE;
				CLANG_CXX_LANGUAGE_STANDARD = "gnu++20";
				CLANG_ENABLE_MODULES = YES;
				CLANG_ENABLE_OBJC_ARC = YES;
				CLANG_ENABLE_OBJC_WEAK = YES;
				CLANG_WARN_BLOCK_CAPTURE_AUTORELEASING = YES;
				CLANG_WARN_BOOL_CONVERSION = YES;
				CLANG_WARN_COMMA = YES;
				CLANG_WARN_CONSTANT_CONVERSION = YES;
				CLANG_WARN_DEPRECATED_OBJC_IMPLEMENTATIONS = YES;
				CLANG_WARN_DIRECT_OBJC_ISA_USAGE = YES_ERROR;
				CLANG_WARN_DOCUMENTATION_COMMENTS = YES;
				CLANG_WARN_EMPTY_BODY = YES;
				CLANG_WARN_ENUM_CONVERSION = YES;
				CLANG_WARN_INFINITE_RECURSION = YES;
				CLANG_WARN_INT_CONVERSION = YES;
				CLANG_WARN_NON_LITERAL_NULL_CONVERSION = YES;
				CLANG_WARN_OBJC_IMPLICIT_RETAIN_SELF = YES;
				CLANG_WARN_OBJC_LITERAL_CONVERSION = YES;
				CLANG_WARN_OBJC_ROOT_CLASS = YES_ERROR;
				CLANG_WARN_QUOTED_INCLUDE_IN_FRAMEWORK_HEADER = YES;
				CLANG_WARN_RANGE_LOOP_ANALYSIS = YES;
				CLANG_WARN_STRICT_PROTOTYPES = YES;
				CLANG_WARN_SUSPICIOUS_MOVE = YES;
				CLANG_WARN_UNGUARDED_AVAILABILITY = YES_AGGRESSIVE;
				CLANG_WARN_UNREACHABLE_CODE = YES;
				CLANG_WARN__DUPLICATE_METHOD_MATCH = YES;
				COPY_PHASE_STRIP = NO;
				DEBUG_INFORMATION_FORMAT = dwarf;
				ENABLE_STRICT_OBJC_MSGSEND = YES;
				ENABLE_TESTABILITY = YES;
				ENABLE_USER_SCRIPT_SANDBOXING = YES;
				GCC_C_LANGUAGE_STANDARD = gnu17;
				GCC_DYNAMIC_NO_PIC = NO;
				GCC_NO_COMMON_BLOCKS = YES;
				GCC_OPTIMIZATION_LEVEL = 0;
				GCC_PREPROCESSOR_DEFINITIONS = (
					"DEBUG=1",
					"$(inherited)",
				);
				GCC_WARN_64_TO_32_BIT_CONVERSION = YES;
				GCC_WARN_ABOUT_RETURN_TYPE = YES_ERROR;
				GCC_WARN_UNDECLARED_SELECTOR = YES;
				GCC_WARN_UNINITIALIZED_AUTOS = YES_AGGRESSIVE;
				GCC_WARN_UNUSED_FUNCTION = YES;
				GCC_WARN_UNUSED_VARIABLE = YES;
				LOCALIZATION_PREFERS_STRING_CATALOGS = YES;
				MTL_ENABLE_DEBUG_INFO = INCLUDE_SOURCE;
				MTL_FAST_MATH = YES;
				ONLY_ACTIVE_ARCH = YES;
				SDKROOT = xros;
				SWIFT_ACTIVE_COMPILATION_CONDITIONS = "DEBUG $(inherited)";
				SWIFT_OPTIMIZATION_LEVEL = "-Onone";
				XROS_DEPLOYMENT_TARGET = 1.0;
			};
			name = Debug;
		};
		187B27562B75AD7500FDD0C5 /* Release */ = {
			isa = XCBuildConfiguration;
			buildSettings = {
				ALWAYS_SEARCH_USER_PATHS = NO;
				ASSETCATALOG_COMPILER_GENERATE_SWIFT_ASSET_SYMBOL_EXTENSIONS = YES;
				CLANG_ANALYZER_NONNULL = YES;
				CLANG_ANALYZER_NUMBER_OBJECT_CONVERSION = YES_AGGRESSIVE;
				CLANG_CXX_LANGUAGE_STANDARD = "gnu++20";
				CLANG_ENABLE_MODULES = YES;
				CLANG_ENABLE_OBJC_ARC = YES;
				CLANG_ENABLE_OBJC_WEAK = YES;
				CLANG_WARN_BLOCK_CAPTURE_AUTORELEASING = YES;
				CLANG_WARN_BOOL_CONVERSION = YES;
				CLANG_WARN_COMMA = YES;
				CLANG_WARN_CONSTANT_CONVERSION = YES;
				CLANG_WARN_DEPRECATED_OBJC_IMPLEMENTATIONS = YES;
				CLANG_WARN_DIRECT_OBJC_ISA_USAGE = YES_ERROR;
				CLANG_WARN_DOCUMENTATION_COMMENTS = YES;
				CLANG_WARN_EMPTY_BODY = YES;
				CLANG_WARN_ENUM_CONVERSION = YES;
				CLANG_WARN_INFINITE_RECURSION = YES;
				CLANG_WARN_INT_CONVERSION = YES;
				CLANG_WARN_NON_LITERAL_NULL_CONVERSION = YES;
				CLANG_WARN_OBJC_IMPLICIT_RETAIN_SELF = YES;
				CLANG_WARN_OBJC_LITERAL_CONVERSION = YES;
				CLANG_WARN_OBJC_ROOT_CLASS = YES_ERROR;
				CLANG_WARN_QUOTED_INCLUDE_IN_FRAMEWORK_HEADER = YES;
				CLANG_WARN_RANGE_LOOP_ANALYSIS = YES;
				CLANG_WARN_STRICT_PROTOTYPES = YES;
				CLANG_WARN_SUSPICIOUS_MOVE = YES;
				CLANG_WARN_UNGUARDED_AVAILABILITY = YES_AGGRESSIVE;
				CLANG_WARN_UNREACHABLE_CODE = YES;
				CLANG_WARN__DUPLICATE_METHOD_MATCH = YES;
				COPY_PHASE_STRIP = NO;
				DEBUG_INFORMATION_FORMAT = "dwarf-with-dsym";
				ENABLE_NS_ASSERTIONS = NO;
				ENABLE_STRICT_OBJC_MSGSEND = YES;
				ENABLE_USER_SCRIPT_SANDBOXING = YES;
				GCC_C_LANGUAGE_STANDARD = gnu17;
				GCC_NO_COMMON_BLOCKS = YES;
				GCC_WARN_64_TO_32_BIT_CONVERSION = YES;
				GCC_WARN_ABOUT_RETURN_TYPE = YES_ERROR;
				GCC_WARN_UNDECLARED_SELECTOR = YES;
				GCC_WARN_UNINITIALIZED_AUTOS = YES_AGGRESSIVE;
				GCC_WARN_UNUSED_FUNCTION = YES;
				GCC_WARN_UNUSED_VARIABLE = YES;
				LOCALIZATION_PREFERS_STRING_CATALOGS = YES;
				MTL_ENABLE_DEBUG_INFO = NO;
				MTL_FAST_MATH = YES;
				SDKROOT = xros;
				SWIFT_COMPILATION_MODE = wholemodule;
				VALIDATE_PRODUCT = YES;
				XROS_DEPLOYMENT_TARGET = 1.0;
			};
			name = Release;
		};
		187B27582B75AD7500FDD0C5 /* Debug */ = {
			isa = XCBuildConfiguration;
			buildSettings = {
				ASSETCATALOG_COMPILER_APPICON_NAME = AppIcon;
				ASSETCATALOG_COMPILER_GLOBAL_ACCENT_COLOR_NAME = AccentColor;
				CODE_SIGN_STYLE = Automatic;
				CURRENT_PROJECT_VERSION = 1;
				DEVELOPMENT_ASSET_PATHS = "\"project1/Preview Content\"";
				DEVELOPMENT_TEAM = NMK2792M26;
				ENABLE_PREVIEWS = YES;
				GENERATE_INFOPLIST_FILE = YES;
				INFOPLIST_FILE = "$(TARGET_NAME)/Info.plist";
				LD_RUNPATH_SEARCH_PATHS = (
					"$(inherited)",
					"@executable_path/Frameworks",
				);
				MARKETING_VERSION = 1.0;
				PRODUCT_BUNDLE_IDENTIFIER = com.AnanthNayak.project1;
				PRODUCT_NAME = "$(TARGET_NAME)";
				SUPPORTED_PLATFORMS = "xros xrsimulator";
				SWIFT_EMIT_LOC_STRINGS = YES;
				SWIFT_VERSION = 5.0;
				TARGETED_DEVICE_FAMILY = "1,2,7";
			};
			name = Debug;
		};
		187B27592B75AD7500FDD0C5 /* Release */ = {
			isa = XCBuildConfiguration;
			buildSettings = {
				ASSETCATALOG_COMPILER_APPICON_NAME = AppIcon;
				ASSETCATALOG_COMPILER_GLOBAL_ACCENT_COLOR_NAME = AccentColor;
				CODE_SIGN_STYLE = Automatic;
				CURRENT_PROJECT_VERSION = 1;
				DEVELOPMENT_ASSET_PATHS = "\"project1/Preview Content\"";
				DEVELOPMENT_TEAM = NMK2792M26;
				ENABLE_PREVIEWS = YES;
				GENERATE_INFOPLIST_FILE = YES;
				INFOPLIST_FILE = "$(TARGET_NAME)/Info.plist";
				LD_RUNPATH_SEARCH_PATHS = (
					"$(inherited)",
					"@executable_path/Frameworks",
				);
				MARKETING_VERSION = 1.0;
				PRODUCT_BUNDLE_IDENTIFIER = com.AnanthNayak.project1;
				PRODUCT_NAME = "$(TARGET_NAME)";
				SUPPORTED_PLATFORMS = "xros xrsimulator";
				SWIFT_EMIT_LOC_STRINGS = YES;
				SWIFT_VERSION = 5.0;
				TARGETED_DEVICE_FAMILY = "1,2,7";
			};
			name = Release;
		};
/* End XCBuildConfiguration section */

/* Begin XCConfigurationList section */
		187B273B2B75AD7400FDD0C5 /* Build configuration list for PBXProject "project1" */ = {
			isa = XCConfigurationList;
			buildConfigurations = (
				187B27552B75AD7500FDD0C5 /* Debug */,
				187B27562B75AD7500FDD0C5 /* Release */,
			);
			defaultConfigurationIsVisible = 0;
			defaultConfigurationName = Release;
		};
		187B27572B75AD7500FDD0C5 /* Build configuration list for PBXNativeTarget "project1" */ = {
			isa = XCConfigurationList;
			buildConfigurations = (
				187B27582B75AD7500FDD0C5 /* Debug */,
				187B27592B75AD7500FDD0C5 /* Release */,
			);
			defaultConfigurationIsVisible = 0;
			defaultConfigurationName = Release;
		};
/* End XCConfigurationList section */

/* Begin XCSwiftPackageProductDependency section */
		187B27452B75AD7400FDD0C5 /* RealityKitContent */ = {
			isa = XCSwiftPackageProductDependency;
			productName = RealityKitContent;
		};
/* End XCSwiftPackageProductDependency section */
	};
	rootObject = 187B27382B75AD7400FDD0C5 /* Project object */;
}
